
Microsoft Visual Studio Solution File, Format Version 12.00
# Visual Studio Version 17
VisualStudioVersion = 17.4.33205.214
MinimumVisualStudioVersion = 10.0.40219.1
Project("{FAE04EC0-301F-11D3-BF4B-00C04F79EFBC}") = "CodeClause_WebSocket", "CodeClause_WebSocket\CodeClause_WebSocket.csproj", "{651A9C38-70FF-4025-BD65-61B5FB7DDA2E}"
EndProject
Project("{FAE04EC0-301F-11D3-BF4B-00C04F79EFBC}") = "CodeClause.WebSocket", "CodeClause.WebSocket\CodeClause.WebSocket.csproj", "{AA290797-B0E1-4817-8D5C-0BEB66240919}"
EndProject
Global
	GlobalSection(SolutionConfigurationPlatforms) = preSolution
		Debug|Any CPU = Debug|Any CPU
		Release|Any CPU = Release|Any CPU
	EndGlobalSection
	GlobalSection(ProjectConfigurationPlatforms) = postSolution
		{651A9C38-70FF-4025-BD65-61B5FB7DDA2E}.Debug|Any CPU.ActiveCfg = Debug|Any CPU
		{651A9C38-70FF-4025-BD65-61B5FB7DDA2E}.Debug|Any CPU.Build.0 = Debug|Any CPU
		{651A9C38-70FF-4025-BD65-61B5FB7DDA2E}.Release|Any CPU.ActiveCfg = Release|Any CPU
		{651A9C38-70FF-4025-BD65-61B5FB7DDA2E}.Release|Any CPU.Build.0 = Release|Any CPU
		{AA290797-B0E1-4817-8D5C-0BEB66240919}.Debug|Any CPU.ActiveCfg = Debug|Any CPU
		{AA290797-B0E1-4817-8D5C-0BEB66240919}.Debug|Any CPU.Build.0 = Debug|Any CPU
		{AA290797-B0E1-4817-8D5C-0BEB66240919}.Release|Any CPU.ActiveCfg = Release|Any CPU
		{AA290797-B0E1-4817-8D5C-0BEB66240919}.Release|Any CPU.Build.0 = Release|Any CPU
	EndGlobalSection
	GlobalSection(SolutionProperties) = preSolution
		HideSolutionNode = FALSE
	EndGlobalSection
	GlobalSection(ExtensibilityGlobals) = postSolution
		SolutionGuid = {FE04B1D6-DC56-46B9-9B12-635242391961}
	EndGlobalSection
EndGlobal
